# This file is automatically @generated by pesde.
# It is not intended for manual editing.
format = 2
name = "synpixel/chrome"
version = "2.0.0"
target = "lune"

[graph."synpixel/base64@3.0.1 luau"]
direct = ["base64", { name = "synpixel/base64", version = "^3.0.1", index = "default", target = "luau" }, "standard"]

[graph."synpixel/base64@3.0.1 luau".pkg_ref]
ref_ty = "pesde"
index_url = "https://github.com/daimond113/pesde-index"
